
Microsoft Visual Studio Solution File, Format Version 12.00
# Visual Studio Version 17
VisualStudioVersion = 17.8.34330.188
MinimumVisualStudioVersion = 10.0.40219.1
Project("{8BC9CEB8-8B4A-11D0-8D11-00A0C91BC942}") = "Program", "Program.vcxproj", "{6E7F9F27-79AE-4F2B-9190-B344D1C1BB4C}"
EndProject
Project("{8BC9CEB8-8B4A-11D0-8D11-00A0C91BC942}") = "Class1th (Variable)", "..\Class1th (Variable)\Class1th (Variable).vcxproj", "{20688785-CE83-4BF7-B58E-E1E31B30189D}"
EndProject
Project("{8BC9CEB8-8B4A-11D0-8D11-00A0C91BC942}") = "Class2th (Constant)", "..\Class2th (Constant)\Class2th (Constant).vcxproj", "{5D9F1A97-F7FF-4C29-9D7F-4EC7397B6C58}"
EndProject
Project("{8BC9CEB8-8B4A-11D0-8D11-00A0C91BC942}") = "Class3th (Bit)", "..\Class3th (Bit)\Class3th (Bit).vcxproj", "{0601FC2C-2B09-4D28-BF45-E36276CF3A79}"
EndProject
Project("{8BC9CEB8-8B4A-11D0-8D11-00A0C91BC942}") = "Class4th (Underflow and OverFlow)", "..\Class4th (Underflow and OverFlow)\Class4th (Underflow and OverFlow).vcxproj", "{DDF8F30F-0021-4CF6-9112-A34AA67F0689}"
EndProject
Project("{8BC9CEB8-8B4A-11D0-8D11-00A0C91BC942}") = "Class5th (Conditional Statement)", "..\Class5th (Conditional Statement)\Class5th (Conditional Statement).vcxproj", "{D401BA8E-B8D2-4361-B5AE-D98EB8DBCAF6}"
EndProject
Project("{8BC9CEB8-8B4A-11D0-8D11-00A0C91BC942}") = "Class6th (Iteration Statement)", "..\Class6th (Iteration Statement)\Class6th (Iteration Statement).vcxproj", "{D94E7055-A668-4ED9-8D2D-3848C52E170E}"
EndProject
Project("{8BC9CEB8-8B4A-11D0-8D11-00A0C91BC942}") = "Class7th (Type Convesrsion)", "..\Class7th (Type Convesrsion)\Class7th (Type Convesrsion).vcxproj", "{55AB6BB6-C116-4B08-9BD3-0D4C69B5D72C}"
EndProject
Project("{8BC9CEB8-8B4A-11D0-8D11-00A0C91BC942}") = "Class8th (Pointer)", "..\Class 8th (Pointer)\Class 8th (Pointer).vcxproj", "{8913144B-BD35-4E68-9CCD-534AB574B2A7}"
EndProject
Project("{8BC9CEB8-8B4A-11D0-8D11-00A0C91BC942}") = "Class9th (Arrangement)", "..\Class9th (Arrangement)\Class9th (Arrangement).vcxproj", "{F98E1266-D44A-475D-A315-86D55A9CF45F}"
EndProject
Project("{8BC9CEB8-8B4A-11D0-8D11-00A0C91BC942}") = "Class10th (String)", "..\Class 10th (String)\Class 10th (String).vcxproj", "{F7B6B7CE-AF11-4741-94AC-ADF577599DE3}"
EndProject
Project("{8BC9CEB8-8B4A-11D0-8D11-00A0C91BC942}") = "Class11th (Function)", "..\Class10th (Function)\Class10th (Function).vcxproj", "{5262BB9C-E9EE-4A7C-BEAF-FC7B89232EF1}"
EndProject
Project("{8BC9CEB8-8B4A-11D0-8D11-00A0C91BC942}") = "Class12th (Recursive Function)", "..\Class12th (Recursive Function)\Class12th (Recursive Function).vcxproj", "{5B0414E4-8FCE-4440-8BF1-0524CC918A73}"
EndProject
Project("{8BC9CEB8-8B4A-11D0-8D11-00A0C91BC942}") = "Class13th (Variable Scope)", "..\Class13th (Variable Scope)\Class13th (Variable Scope).vcxproj", "{0DCBC12B-8262-47F3-9E89-77F98547CFA0}"
EndProject
Project("{8BC9CEB8-8B4A-11D0-8D11-00A0C91BC942}") = "Class14th (Dynamic Allocation)", "..\Class14th (Dynamic Allocation)\Class14th (Dynamic Allocation).vcxproj", "{5DCA843D-65EC-4887-9662-8F8E2264608F}"
EndProject
Project("{8BC9CEB8-8B4A-11D0-8D11-00A0C91BC942}") = "Class15th (Struct)", "..\Class15th (Struct)\Class15th (Struct).vcxproj", "{B9B56DC9-0CD7-4FD8-9C1D-6ABEA6CAA5D3}"
EndProject
Project("{8BC9CEB8-8B4A-11D0-8D11-00A0C91BC942}") = "Class16th (Ascii Code)", "..\Class16th (Ascii Code)\Class16th (Ascii Code).vcxproj", "{A4B4B94E-7D8B-424F-87B1-D82D08B54589}"
EndProject
Project("{8BC9CEB8-8B4A-11D0-8D11-00A0C91BC942}") = "Class17th (Arbitrary Argument)", "..\Class17th (Arbitrary Argument)\Class17th (Arbitrary Argument).vcxproj", "{1EE1C156-4886-4B61-9C0B-49BCA0B3FD73}"
EndProject
Project("{8BC9CEB8-8B4A-11D0-8D11-00A0C91BC942}") = "Class18th (Random)", "..\Class18th (Random)\Class18th (Random).vcxproj", "{D8F6869D-D3F8-40F3-A3F6-965BBE8C40CB}"
EndProject
Project("{8BC9CEB8-8B4A-11D0-8D11-00A0C91BC942}") = "Class19th (Typedef)", "..\Class19th (Typedef)\Class19th (Typedef).vcxproj", "{25A27A49-4EAF-4E71-9DB7-EE53C302E795}"
EndProject
Project("{8BC9CEB8-8B4A-11D0-8D11-00A0C91BC942}") = "Class20th (File Input-Output)", "..\Class20th (File Input-Output)\Class20th (File Input-Output).vcxproj", "{259100BC-76E7-49F7-B6EA-C39D1919B1AF}"
EndProject
Project("{8BC9CEB8-8B4A-11D0-8D11-00A0C91BC942}") = "Class21th (Keyboard)", "..\Project2\Project2.vcxproj", "{19825B11-A5D6-4098-A189-5378FDB4EC03}"
EndProject
Global
	GlobalSection(SolutionConfigurationPlatforms) = preSolution
		Debug|x64 = Debug|x64
		Debug|x86 = Debug|x86
		Release|x64 = Release|x64
		Release|x86 = Release|x86
	EndGlobalSection
	GlobalSection(ProjectConfigurationPlatforms) = postSolution
		{6E7F9F27-79AE-4F2B-9190-B344D1C1BB4C}.Debug|x64.ActiveCfg = Debug|x64
		{6E7F9F27-79AE-4F2B-9190-B344D1C1BB4C}.Debug|x64.Build.0 = Debug|x64
		{6E7F9F27-79AE-4F2B-9190-B344D1C1BB4C}.Debug|x86.ActiveCfg = Debug|Win32
		{6E7F9F27-79AE-4F2B-9190-B344D1C1BB4C}.Debug|x86.Build.0 = Debug|Win32
		{6E7F9F27-79AE-4F2B-9190-B344D1C1BB4C}.Release|x64.ActiveCfg = Release|x64
		{6E7F9F27-79AE-4F2B-9190-B344D1C1BB4C}.Release|x64.Build.0 = Release|x64
		{6E7F9F27-79AE-4F2B-9190-B344D1C1BB4C}.Release|x86.ActiveCfg = Release|Win32
		{6E7F9F27-79AE-4F2B-9190-B344D1C1BB4C}.Release|x86.Build.0 = Release|Win32
		{20688785-CE83-4BF7-B58E-E1E31B30189D}.Debug|x64.ActiveCfg = Debug|x64
		{20688785-CE83-4BF7-B58E-E1E31B30189D}.Debug|x64.Build.0 = Debug|x64
		{20688785-CE83-4BF7-B58E-E1E31B30189D}.Debug|x86.ActiveCfg = Debug|Win32
		{20688785-CE83-4BF7-B58E-E1E31B30189D}.Debug|x86.Build.0 = Debug|Win32
		{20688785-CE83-4BF7-B58E-E1E31B30189D}.Release|x64.ActiveCfg = Release|x64
		{20688785-CE83-4BF7-B58E-E1E31B30189D}.Release|x64.Build.0 = Release|x64
		{20688785-CE83-4BF7-B58E-E1E31B30189D}.Release|x86.ActiveCfg = Release|Win32
		{20688785-CE83-4BF7-B58E-E1E31B30189D}.Release|x86.Build.0 = Release|Win32
		{5D9F1A97-F7FF-4C29-9D7F-4EC7397B6C58}.Debug|x64.ActiveCfg = Debug|x64
		{5D9F1A97-F7FF-4C29-9D7F-4EC7397B6C58}.Debug|x64.Build.0 = Debug|x64
		{5D9F1A97-F7FF-4C29-9D7F-4EC7397B6C58}.Debug|x86.ActiveCfg = Debug|Win32
		{5D9F1A97-F7FF-4C29-9D7F-4EC7397B6C58}.Debug|x86.Build.0 = Debug|Win32
		{5D9F1A97-F7FF-4C29-9D7F-4EC7397B6C58}.Release|x64.ActiveCfg = Release|x64
		{5D9F1A97-F7FF-4C29-9D7F-4EC7397B6C58}.Release|x64.Build.0 = Release|x64
		{5D9F1A97-F7FF-4C29-9D7F-4EC7397B6C58}.Release|x86.ActiveCfg = Release|Win32
		{5D9F1A97-F7FF-4C29-9D7F-4EC7397B6C58}.Release|x86.Build.0 = Release|Win32
		{0601FC2C-2B09-4D28-BF45-E36276CF3A79}.Debug|x64.ActiveCfg = Debug|x64
		{0601FC2C-2B09-4D28-BF45-E36276CF3A79}.Debug|x64.Build.0 = Debug|x64
		{0601FC2C-2B09-4D28-BF45-E36276CF3A79}.Debug|x86.ActiveCfg = Debug|Win32
		{0601FC2C-2B09-4D28-BF45-E36276CF3A79}.Debug|x86.Build.0 = Debug|Win32
		{0601FC2C-2B09-4D28-BF45-E36276CF3A79}.Release|x64.ActiveCfg = Release|x64
		{0601FC2C-2B09-4D28-BF45-E36276CF3A79}.Release|x64.Build.0 = Release|x64
		{0601FC2C-2B09-4D28-BF45-E36276CF3A79}.Release|x86.ActiveCfg = Release|Win32
		{0601FC2C-2B09-4D28-BF45-E36276CF3A79}.Release|x86.Build.0 = Release|Win32
		{DDF8F30F-0021-4CF6-9112-A34AA67F0689}.Debug|x64.ActiveCfg = Debug|x64
		{DDF8F30F-0021-4CF6-9112-A34AA67F0689}.Debug|x64.Build.0 = Debug|x64
		{DDF8F30F-0021-4CF6-9112-A34AA67F0689}.Debug|x86.ActiveCfg = Debug|Win32
		{DDF8F30F-0021-4CF6-9112-A34AA67F0689}.Debug|x86.Build.0 = Debug|Win32
		{DDF8F30F-0021-4CF6-9112-A34AA67F0689}.Release|x64.ActiveCfg = Release|x64
		{DDF8F30F-0021-4CF6-9112-A34AA67F0689}.Release|x64.Build.0 = Release|x64
		{DDF8F30F-0021-4CF6-9112-A34AA67F0689}.Release|x86.ActiveCfg = Release|Win32
		{DDF8F30F-0021-4CF6-9112-A34AA67F0689}.Release|x86.Build.0 = Release|Win32
		{D401BA8E-B8D2-4361-B5AE-D98EB8DBCAF6}.Debug|x64.ActiveCfg = Debug|x64
		{D401BA8E-B8D2-4361-B5AE-D98EB8DBCAF6}.Debug|x64.Build.0 = Debug|x64
		{D401BA8E-B8D2-4361-B5AE-D98EB8DBCAF6}.Debug|x86.ActiveCfg = Debug|Win32
		{D401BA8E-B8D2-4361-B5AE-D98EB8DBCAF6}.Debug|x86.Build.0 = Debug|Win32
		{D401BA8E-B8D2-4361-B5AE-D98EB8DBCAF6}.Release|x64.ActiveCfg = Release|x64
		{D401BA8E-B8D2-4361-B5AE-D98EB8DBCAF6}.Release|x64.Build.0 = Release|x64
		{D401BA8E-B8D2-4361-B5AE-D98EB8DBCAF6}.Release|x86.ActiveCfg = Release|Win32
		{D401BA8E-B8D2-4361-B5AE-D98EB8DBCAF6}.Release|x86.Build.0 = Release|Win32
		{D94E7055-A668-4ED9-8D2D-3848C52E170E}.Debug|x64.ActiveCfg = Debug|x64
		{D94E7055-A668-4ED9-8D2D-3848C52E170E}.Debug|x64.Build.0 = Debug|x64
		{D94E7055-A668-4ED9-8D2D-3848C52E170E}.Debug|x86.ActiveCfg = Debug|Win32
		{D94E7055-A668-4ED9-8D2D-3848C52E170E}.Debug|x86.Build.0 = Debug|Win32
		{D94E7055-A668-4ED9-8D2D-3848C52E170E}.Release|x64.ActiveCfg = Release|x64
		{D94E7055-A668-4ED9-8D2D-3848C52E170E}.Release|x64.Build.0 = Release|x64
		{D94E7055-A668-4ED9-8D2D-3848C52E170E}.Release|x86.ActiveCfg = Release|Win32
		{D94E7055-A668-4ED9-8D2D-3848C52E170E}.Release|x86.Build.0 = Release|Win32
		{55AB6BB6-C116-4B08-9BD3-0D4C69B5D72C}.Debug|x64.ActiveCfg = Debug|x64
		{55AB6BB6-C116-4B08-9BD3-0D4C69B5D72C}.Debug|x64.Build.0 = Debug|x64
		{55AB6BB6-C116-4B08-9BD3-0D4C69B5D72C}.Debug|x86.ActiveCfg = Debug|Win32
		{55AB6BB6-C116-4B08-9BD3-0D4C69B5D72C}.Debug|x86.Build.0 = Debug|Win32
		{55AB6BB6-C116-4B08-9BD3-0D4C69B5D72C}.Release|x64.ActiveCfg = Release|x64
		{55AB6BB6-C116-4B08-9BD3-0D4C69B5D72C}.Release|x64.Build.0 = Release|x64
		{55AB6BB6-C116-4B08-9BD3-0D4C69B5D72C}.Release|x86.ActiveCfg = Release|Win32
		{55AB6BB6-C116-4B08-9BD3-0D4C69B5D72C}.Release|x86.Build.0 = Release|Win32
		{8913144B-BD35-4E68-9CCD-534AB574B2A7}.Debug|x64.ActiveCfg = Debug|x64
		{8913144B-BD35-4E68-9CCD-534AB574B2A7}.Debug|x64.Build.0 = Debug|x64
		{8913144B-BD35-4E68-9CCD-534AB574B2A7}.Debug|x86.ActiveCfg = Debug|Win32
		{8913144B-BD35-4E68-9CCD-534AB574B2A7}.Debug|x86.Build.0 = Debug|Win32
		{8913144B-BD35-4E68-9CCD-534AB574B2A7}.Release|x64.ActiveCfg = Release|x64
		{8913144B-BD35-4E68-9CCD-534AB574B2A7}.Release|x64.Build.0 = Release|x64
		{8913144B-BD35-4E68-9CCD-534AB574B2A7}.Release|x86.ActiveCfg = Release|Win32
		{8913144B-BD35-4E68-9CCD-534AB574B2A7}.Release|x86.Build.0 = Release|Win32
		{F98E1266-D44A-475D-A315-86D55A9CF45F}.Debug|x64.ActiveCfg = Debug|x64
		{F98E1266-D44A-475D-A315-86D55A9CF45F}.Debug|x64.Build.0 = Debug|x64
		{F98E1266-D44A-475D-A315-86D55A9CF45F}.Debug|x86.ActiveCfg = Debug|Win32
		{F98E1266-D44A-475D-A315-86D55A9CF45F}.Debug|x86.Build.0 = Debug|Win32
		{F98E1266-D44A-475D-A315-86D55A9CF45F}.Release|x64.ActiveCfg = Release|x64
		{F98E1266-D44A-475D-A315-86D55A9CF45F}.Release|x64.Build.0 = Release|x64
		{F98E1266-D44A-475D-A315-86D55A9CF45F}.Release|x86.ActiveCfg = Release|Win32
		{F98E1266-D44A-475D-A315-86D55A9CF45F}.Release|x86.Build.0 = Release|Win32
		{F7B6B7CE-AF11-4741-94AC-ADF577599DE3}.Debug|x64.ActiveCfg = Debug|x64
		{F7B6B7CE-AF11-4741-94AC-ADF577599DE3}.Debug|x64.Build.0 = Debug|x64
		{F7B6B7CE-AF11-4741-94AC-ADF577599DE3}.Debug|x86.ActiveCfg = Debug|Win32
		{F7B6B7CE-AF11-4741-94AC-ADF577599DE3}.Debug|x86.Build.0 = Debug|Win32
		{F7B6B7CE-AF11-4741-94AC-ADF577599DE3}.Release|x64.ActiveCfg = Release|x64
		{F7B6B7CE-AF11-4741-94AC-ADF577599DE3}.Release|x64.Build.0 = Release|x64
		{F7B6B7CE-AF11-4741-94AC-ADF577599DE3}.Release|x86.ActiveCfg = Release|Win32
		{F7B6B7CE-AF11-4741-94AC-ADF577599DE3}.Release|x86.Build.0 = Release|Win32
		{5262BB9C-E9EE-4A7C-BEAF-FC7B89232EF1}.Debug|x64.ActiveCfg = Debug|x64
		{5262BB9C-E9EE-4A7C-BEAF-FC7B89232EF1}.Debug|x64.Build.0 = Debug|x64
		{5262BB9C-E9EE-4A7C-BEAF-FC7B89232EF1}.Debug|x86.ActiveCfg = Debug|Win32
		{5262BB9C-E9EE-4A7C-BEAF-FC7B89232EF1}.Debug|x86.Build.0 = Debug|Win32
		{5262BB9C-E9EE-4A7C-BEAF-FC7B89232EF1}.Release|x64.ActiveCfg = Release|x64
		{5262BB9C-E9EE-4A7C-BEAF-FC7B89232EF1}.Release|x64.Build.0 = Release|x64
		{5262BB9C-E9EE-4A7C-BEAF-FC7B89232EF1}.Release|x86.ActiveCfg = Release|Win32
		{5262BB9C-E9EE-4A7C-BEAF-FC7B89232EF1}.Release|x86.Build.0 = Release|Win32
		{5B0414E4-8FCE-4440-8BF1-0524CC918A73}.Debug|x64.ActiveCfg = Debug|x64
		{5B0414E4-8FCE-4440-8BF1-0524CC918A73}.Debug|x64.Build.0 = Debug|x64
		{5B0414E4-8FCE-4440-8BF1-0524CC918A73}.Debug|x86.ActiveCfg = Debug|Win32
		{5B0414E4-8FCE-4440-8BF1-0524CC918A73}.Debug|x86.Build.0 = Debug|Win32
		{5B0414E4-8FCE-4440-8BF1-0524CC918A73}.Release|x64.ActiveCfg = Release|x64
		{5B0414E4-8FCE-4440-8BF1-0524CC918A73}.Release|x64.Build.0 = Release|x64
		{5B0414E4-8FCE-4440-8BF1-0524CC918A73}.Release|x86.ActiveCfg = Release|Win32
		{5B0414E4-8FCE-4440-8BF1-0524CC918A73}.Release|x86.Build.0 = Release|Win32
		{0DCBC12B-8262-47F3-9E89-77F98547CFA0}.Debug|x64.ActiveCfg = Debug|x64
		{0DCBC12B-8262-47F3-9E89-77F98547CFA0}.Debug|x64.Build.0 = Debug|x64
		{0DCBC12B-8262-47F3-9E89-77F98547CFA0}.Debug|x86.ActiveCfg = Debug|Win32
		{0DCBC12B-8262-47F3-9E89-77F98547CFA0}.Debug|x86.Build.0 = Debug|Win32
		{0DCBC12B-8262-47F3-9E89-77F98547CFA0}.Release|x64.ActiveCfg = Release|x64
		{0DCBC12B-8262-47F3-9E89-77F98547CFA0}.Release|x64.Build.0 = Release|x64
		{0DCBC12B-8262-47F3-9E89-77F98547CFA0}.Release|x86.ActiveCfg = Release|Win32
		{0DCBC12B-8262-47F3-9E89-77F98547CFA0}.Release|x86.Build.0 = Release|Win32
		{5DCA843D-65EC-4887-9662-8F8E2264608F}.Debug|x64.ActiveCfg = Debug|x64
		{5DCA843D-65EC-4887-9662-8F8E2264608F}.Debug|x64.Build.0 = Debug|x64
		{5DCA843D-65EC-4887-9662-8F8E2264608F}.Debug|x86.ActiveCfg = Debug|Win32
		{5DCA843D-65EC-4887-9662-8F8E2264608F}.Debug|x86.Build.0 = Debug|Win32
		{5DCA843D-65EC-4887-9662-8F8E2264608F}.Release|x64.ActiveCfg = Release|x64
		{5DCA843D-65EC-4887-9662-8F8E2264608F}.Release|x64.Build.0 = Release|x64
		{5DCA843D-65EC-4887-9662-8F8E2264608F}.Release|x86.ActiveCfg = Release|Win32
		{5DCA843D-65EC-4887-9662-8F8E2264608F}.Release|x86.Build.0 = Release|Win32
		{B9B56DC9-0CD7-4FD8-9C1D-6ABEA6CAA5D3}.Debug|x64.ActiveCfg = Debug|x64
		{B9B56DC9-0CD7-4FD8-9C1D-6ABEA6CAA5D3}.Debug|x64.Build.0 = Debug|x64
		{B9B56DC9-0CD7-4FD8-9C1D-6ABEA6CAA5D3}.Debug|x86.ActiveCfg = Debug|Win32
		{B9B56DC9-0CD7-4FD8-9C1D-6ABEA6CAA5D3}.Debug|x86.Build.0 = Debug|Win32
		{B9B56DC9-0CD7-4FD8-9C1D-6ABEA6CAA5D3}.Release|x64.ActiveCfg = Release|x64
		{B9B56DC9-0CD7-4FD8-9C1D-6ABEA6CAA5D3}.Release|x64.Build.0 = Release|x64
		{B9B56DC9-0CD7-4FD8-9C1D-6ABEA6CAA5D3}.Release|x86.ActiveCfg = Release|Win32
		{B9B56DC9-0CD7-4FD8-9C1D-6ABEA6CAA5D3}.Release|x86.Build.0 = Release|Win32
		{A4B4B94E-7D8B-424F-87B1-D82D08B54589}.Debug|x64.ActiveCfg = Debug|x64
		{A4B4B94E-7D8B-424F-87B1-D82D08B54589}.Debug|x64.Build.0 = Debug|x64
		{A4B4B94E-7D8B-424F-87B1-D82D08B54589}.Debug|x86.ActiveCfg = Debug|Win32
		{A4B4B94E-7D8B-424F-87B1-D82D08B54589}.Debug|x86.Build.0 = Debug|Win32
		{A4B4B94E-7D8B-424F-87B1-D82D08B54589}.Release|x64.ActiveCfg = Release|x64
		{A4B4B94E-7D8B-424F-87B1-D82D08B54589}.Release|x64.Build.0 = Release|x64
		{A4B4B94E-7D8B-424F-87B1-D82D08B54589}.Release|x86.ActiveCfg = Release|Win32
		{A4B4B94E-7D8B-424F-87B1-D82D08B54589}.Release|x86.Build.0 = Release|Win32
		{1EE1C156-4886-4B61-9C0B-49BCA0B3FD73}.Debug|x64.ActiveCfg = Debug|x64
		{1EE1C156-4886-4B61-9C0B-49BCA0B3FD73}.Debug|x64.Build.0 = Debug|x64
		{1EE1C156-4886-4B61-9C0B-49BCA0B3FD73}.Debug|x86.ActiveCfg = Debug|Win32
		{1EE1C156-4886-4B61-9C0B-49BCA0B3FD73}.Debug|x86.Build.0 = Debug|Win32
		{1EE1C156-4886-4B61-9C0B-49BCA0B3FD73}.Release|x64.ActiveCfg = Release|x64
		{1EE1C156-4886-4B61-9C0B-49BCA0B3FD73}.Release|x64.Build.0 = Release|x64
		{1EE1C156-4886-4B61-9C0B-49BCA0B3FD73}.Release|x86.ActiveCfg = Release|Win32
		{1EE1C156-4886-4B61-9C0B-49BCA0B3FD73}.Release|x86.Build.0 = Release|Win32
		{D8F6869D-D3F8-40F3-A3F6-965BBE8C40CB}.Debug|x64.ActiveCfg = Debug|x64
		{D8F6869D-D3F8-40F3-A3F6-965BBE8C40CB}.Debug|x64.Build.0 = Debug|x64
		{D8F6869D-D3F8-40F3-A3F6-965BBE8C40CB}.Debug|x86.ActiveCfg = Debug|Win32
		{D8F6869D-D3F8-40F3-A3F6-965BBE8C40CB}.Debug|x86.Build.0 = Debug|Win32
		{D8F6869D-D3F8-40F3-A3F6-965BBE8C40CB}.Release|x64.ActiveCfg = Release|x64
		{D8F6869D-D3F8-40F3-A3F6-965BBE8C40CB}.Release|x64.Build.0 = Release|x64
		{D8F6869D-D3F8-40F3-A3F6-965BBE8C40CB}.Release|x86.ActiveCfg = Release|Win32
		{D8F6869D-D3F8-40F3-A3F6-965BBE8C40CB}.Release|x86.Build.0 = Release|Win32
		{25A27A49-4EAF-4E71-9DB7-EE53C302E795}.Debug|x64.ActiveCfg = Debug|x64
		{25A27A49-4EAF-4E71-9DB7-EE53C302E795}.Debug|x64.Build.0 = Debug|x64
		{25A27A49-4EAF-4E71-9DB7-EE53C302E795}.Debug|x86.ActiveCfg = Debug|Win32
		{25A27A49-4EAF-4E71-9DB7-EE53C302E795}.Debug|x86.Build.0 = Debug|Win32
		{25A27A49-4EAF-4E71-9DB7-EE53C302E795}.Release|x64.ActiveCfg = Release|x64
		{25A27A49-4EAF-4E71-9DB7-EE53C302E795}.Release|x64.Build.0 = Release|x64
		{25A27A49-4EAF-4E71-9DB7-EE53C302E795}.Release|x86.ActiveCfg = Release|Win32
		{25A27A49-4EAF-4E71-9DB7-EE53C302E795}.Release|x86.Build.0 = Release|Win32
		{259100BC-76E7-49F7-B6EA-C39D1919B1AF}.Debug|x64.ActiveCfg = Debug|x64
		{259100BC-76E7-49F7-B6EA-C39D1919B1AF}.Debug|x64.Build.0 = Debug|x64
		{259100BC-76E7-49F7-B6EA-C39D1919B1AF}.Debug|x86.ActiveCfg = Debug|Win32
		{259100BC-76E7-49F7-B6EA-C39D1919B1AF}.Debug|x86.Build.0 = Debug|Win32
		{259100BC-76E7-49F7-B6EA-C39D1919B1AF}.Release|x64.ActiveCfg = Release|x64
		{259100BC-76E7-49F7-B6EA-C39D1919B1AF}.Release|x64.Build.0 = Release|x64
		{259100BC-76E7-49F7-B6EA-C39D1919B1AF}.Release|x86.ActiveCfg = Release|Win32
		{259100BC-76E7-49F7-B6EA-C39D1919B1AF}.Release|x86.Build.0 = Release|Win32
		{19825B11-A5D6-4098-A189-5378FDB4EC03}.Debug|x64.ActiveCfg = Debug|x64
		{19825B11-A5D6-4098-A189-5378FDB4EC03}.Debug|x64.Build.0 = Debug|x64
		{19825B11-A5D6-4098-A189-5378FDB4EC03}.Debug|x86.ActiveCfg = Debug|Win32
		{19825B11-A5D6-4098-A189-5378FDB4EC03}.Debug|x86.Build.0 = Debug|Win32
		{19825B11-A5D6-4098-A189-5378FDB4EC03}.Release|x64.ActiveCfg = Release|x64
		{19825B11-A5D6-4098-A189-5378FDB4EC03}.Release|x64.Build.0 = Release|x64
		{19825B11-A5D6-4098-A189-5378FDB4EC03}.Release|x86.ActiveCfg = Release|Win32
		{19825B11-A5D6-4098-A189-5378FDB4EC03}.Release|x86.Build.0 = Release|Win32
	EndGlobalSection
	GlobalSection(SolutionProperties) = preSolution
		HideSolutionNode = FALSE
	EndGlobalSection
	GlobalSection(ExtensibilityGlobals) = postSolution
		SolutionGuid = {9A6523E8-6937-422B-9226-1B7BA37B4C99}
	EndGlobalSection
EndGlobal
